// !$*UTF8*$!
{
	archiveVersion = 1;
	classes = {
	};
	objectVersion = 46;
	objects = {

/* Begin PBXBuildFile section */
		EF58641D153C16F60055D27A /* UIKit.framework in Frameworks */ = {isa = PBXBuildFile; fileRef = EF58641C153C16F60055D27A /* UIKit.framework */; };
		EF58641F153C16F60055D27A /* Foundation.framework in Frameworks */ = {isa = PBXBuildFile; fileRef = EF58641E153C16F60055D27A /* Foundation.framework */; };
		EF586421153C16F60055D27A /* CoreGraphics.framework in Frameworks */ = {isa = PBXBuildFile; fileRef = EF586420153C16F60055D27A /* CoreGraphics.framework */; };
		EF586427153C16F60055D27A /* InfoPlist.strings in Resources */ = {isa = PBXBuildFile; fileRef = EF586425153C16F60055D27A /* InfoPlist.strings */; };
		EF586429153C16F60055D27A /* main.m in Sources */ = {isa = PBXBuildFile; fileRef = EF586428153C16F60055D27A /* main.m */; };
		EF58642D153C16F60055D27A /* AppDelegate.m in Sources */ = {isa = PBXBuildFile; fileRef = EF58642C153C16F60055D27A /* AppDelegate.m */; };
		EF586430153C16F60055D27A /* MainStoryboard.storyboard in Resources */ = {isa = PBXBuildFile; fileRef = EF58642E153C16F60055D27A /* MainStoryboard.storyboard */; };
		EF586433153C16F60055D27A /* ViewController.m in Sources */ = {isa = PBXBuildFile; fileRef = EF586432153C16F60055D27A /* ViewController.m */; };
		EF58643B153C16F70055D27A /* SenTestingKit.framework in Frameworks */ = {isa = PBXBuildFile; fileRef = EF58643A153C16F70055D27A /* SenTestingKit.framework */; };
		EF58643C153C16F70055D27A /* UIKit.framework in Frameworks */ = {isa = PBXBuildFile; fileRef = EF58641C153C16F60055D27A /* UIKit.framework */; };
		EF58643D153C16F70055D27A /* Foundation.framework in Frameworks */ = {isa = PBXBuildFile; fileRef = EF58641E153C16F60055D27A /* Foundation.framework */; };
		EF586445153C16F70055D27A /* InfoPlist.strings in Resources */ = {isa = PBXBuildFile; fileRef = EF586443153C16F70055D27A /* InfoPlist.strings */; };
		EF586448153C16F70055D27A /* TwitterPrototypeTests.m in Sources */ = {isa = PBXBuildFile; fileRef = EF586447153C16F70055D27A /* TwitterPrototypeTests.m */; };
		EF586452153C18630055D27A /* Twitter.framework in Frameworks */ = {isa = PBXBuildFile; fileRef = EF586451153C18630055D27A /* Twitter.framework */; };
		EF586454153C18950055D27A /* Accounts.framework in Frameworks */ = {isa = PBXBuildFile; fileRef = EF586453153C18950055D27A /* Accounts.framework */; };
		EF586457153C31CB0055D27A /* TwitterManager.m in Sources */ = {isa = PBXBuildFile; fileRef = EF586456153C31CB0055D27A /* TwitterManager.m */; };
		EF586458153C31CB0055D27A /* TwitterManager.m in Sources */ = {isa = PBXBuildFile; fileRef = EF586456153C31CB0055D27A /* TwitterManager.m */; };
		EFEA4EB9153C601A008D0E3D /* btn-bg-selected.png in Resources */ = {isa = PBXBuildFile; fileRef = EFEA4EB3153C601A008D0E3D /* btn-bg-selected.png */; };
		EFEA4EBA153C601A008D0E3D /* btn-bg-selected@2x.png in Resources */ = {isa = PBXBuildFile; fileRef = EFEA4EB4153C601A008D0E3D /* btn-bg-selected@2x.png */; };
		EFEA4EBB153C601A008D0E3D /* btn-bg.png in Resources */ = {isa = PBXBuildFile; fileRef = EFEA4EB5153C601A008D0E3D /* btn-bg.png */; };
		EFEA4EBC153C601A008D0E3D /* btn-bg@2x.png in Resources */ = {isa = PBXBuildFile; fileRef = EFEA4EB6153C601A008D0E3D /* btn-bg@2x.png */; };
		EFEA4EBD153C601A008D0E3D /* twitter.png in Resources */ = {isa = PBXBuildFile; fileRef = EFEA4EB7153C601A008D0E3D /* twitter.png */; };
		EFEA4EBE153C601A008D0E3D /* twitter@2x.png in Resources */ = {isa = PBXBuildFile; fileRef = EFEA4EB8153C601A008D0E3D /* twitter@2x.png */; };
		EFEA4EC1153C6044008D0E3D /* TwitterFollowButton.m in Sources */ = {isa = PBXBuildFile; fileRef = EFEA4EC0153C6044008D0E3D /* TwitterFollowButton.m */; };
		EFEA4EC2153C6044008D0E3D /* TwitterFollowButton.m in Sources */ = {isa = PBXBuildFile; fileRef = EFEA4EC0153C6044008D0E3D /* TwitterFollowButton.m */; };
/* End PBXBuildFile section */

/* Begin PBXContainerItemProxy section */
		EF58643E153C16F70055D27A /* PBXContainerItemProxy */ = {
			isa = PBXContainerItemProxy;
			containerPortal = EF58640F153C16F60055D27A /* Project object */;
			proxyType = 1;
			remoteGlobalIDString = EF586417153C16F60055D27A;
			remoteInfo = TwitterPrototype;
		};
/* End PBXContainerItemProxy section */

/* Begin PBXFileReference section */
		EF586418153C16F60055D27A /* TwitterPrototype.app */ = {isa = PBXFileReference; explicitFileType = wrapper.application; includeInIndex = 0; path = TwitterPrototype.app; sourceTree = BUILT_PRODUCTS_DIR; };
		EF58641C153C16F60055D27A /* UIKit.framework */ = {isa = PBXFileReference; lastKnownFileType = wrapper.framework; name = UIKit.framework; path = System/Library/Frameworks/UIKit.framework; sourceTree = SDKROOT; };
		EF58641E153C16F60055D27A /* Foundation.framework */ = {isa = PBXFileReference; lastKnownFileType = wrapper.framework; name = Foundation.framework; path = System/Library/Frameworks/Foundation.framework; sourceTree = SDKROOT; };
		EF586420153C16F60055D27A /* CoreGraphics.framework */ = {isa = PBXFileReference; lastKnownFileType = wrapper.framework; name = CoreGraphics.framework; path = System/Library/Frameworks/CoreGraphics.framework; sourceTree = SDKROOT; };
		EF586424153C16F60055D27A /* TwitterPrototype-Info.plist */ = {isa = PBXFileReference; lastKnownFileType = text.plist.xml; path = "TwitterPrototype-Info.plist"; sourceTree = "<group>"; };
		EF586426153C16F60055D27A /* en */ = {isa = PBXFileReference; lastKnownFileType = text.plist.strings; name = en; path = en.lproj/InfoPlist.strings; sourceTree = "<group>"; };
		EF586428153C16F60055D27A /* main.m */ = {isa = PBXFileReference; lastKnownFileType = sourcecode.c.objc; path = main.m; sourceTree = "<group>"; };
		EF58642A153C16F60055D27A /* TwitterPrototype-Prefix.pch */ = {isa = PBXFileReference; lastKnownFileType = sourcecode.c.h; path = "TwitterPrototype-Prefix.pch"; sourceTree = "<group>"; };
		EF58642B153C16F60055D27A /* AppDelegate.h */ = {isa = PBXFileReference; lastKnownFileType = sourcecode.c.h; path = AppDelegate.h; sourceTree = "<group>"; };
		EF58642C153C16F60055D27A /* AppDelegate.m */ = {isa = PBXFileReference; lastKnownFileType = sourcecode.c.objc; path = AppDelegate.m; sourceTree = "<group>"; };
		EF58642F153C16F60055D27A /* en */ = {isa = PBXFileReference; lastKnownFileType = file.storyboard; name = en; path = en.lproj/MainStoryboard.storyboard; sourceTree = "<group>"; };
		EF586431153C16F60055D27A /* ViewController.h */ = {isa = PBXFileReference; lastKnownFileType = sourcecode.c.h; path = ViewController.h; sourceTree = "<group>"; };
		EF586432153C16F60055D27A /* ViewController.m */ = {isa = PBXFileReference; lastKnownFileType = sourcecode.c.objc; path = ViewController.m; sourceTree = "<group>"; };
		EF586439153C16F70055D27A /* TwitterPrototypeTests.octest */ = {isa = PBXFileReference; explicitFileType = wrapper.cfbundle; includeInIndex = 0; path = TwitterPrototypeTests.octest; sourceTree = BUILT_PRODUCTS_DIR; };
		EF58643A153C16F70055D27A /* SenTestingKit.framework */ = {isa = PBXFileReference; lastKnownFileType = wrapper.framework; name = SenTestingKit.framework; path = Library/Frameworks/SenTestingKit.framework; sourceTree = DEVELOPER_DIR; };
		EF586442153C16F70055D27A /* TwitterPrototypeTests-Info.plist */ = {isa = PBXFileReference; lastKnownFileType = text.plist.xml; path = "TwitterPrototypeTests-Info.plist"; sourceTree = "<group>"; };
		EF586444153C16F70055D27A /* en */ = {isa = PBXFileReference; lastKnownFileType = text.plist.strings; name = en; path = en.lproj/InfoPlist.strings; sourceTree = "<group>"; };
		EF586446153C16F70055D27A /* TwitterPrototypeTests.h */ = {isa = PBXFileReference; lastKnownFileType = sourcecode.c.h; path = TwitterPrototypeTests.h; sourceTree = "<group>"; };
		EF586447153C16F70055D27A /* TwitterPrototypeTests.m */ = {isa = PBXFileReference; lastKnownFileType = sourcecode.c.objc; path = TwitterPrototypeTests.m; sourceTree = "<group>"; };
		EF586451153C18630055D27A /* Twitter.framework */ = {isa = PBXFileReference; lastKnownFileType = wrapper.framework; name = Twitter.framework; path = System/Library/Frameworks/Twitter.framework; sourceTree = SDKROOT; };
		EF586453153C18950055D27A /* Accounts.framework */ = {isa = PBXFileReference; lastKnownFileType = wrapper.framework; name = Accounts.framework; path = System/Library/Frameworks/Accounts.framework; sourceTree = SDKROOT; };
		EF586455153C31CB0055D27A /* TwitterManager.h */ = {isa = PBXFileReference; fileEncoding = 4; lastKnownFileType = sourcecode.c.h; path = TwitterManager.h; sourceTree = "<group>"; };
		EF586456153C31CB0055D27A /* TwitterManager.m */ = {isa = PBXFileReference; fileEncoding = 4; lastKnownFileType = sourcecode.c.objc; path = TwitterManager.m; sourceTree = "<group>"; };
		EFEA4EB3153C601A008D0E3D /* btn-bg-selected.png */ = {isa = PBXFileReference; lastKnownFileType = image.png; name = "btn-bg-selected.png"; path = "Resources/btn-bg-selected.png"; sourceTree = "<group>"; };
		EFEA4EB4153C601A008D0E3D /* btn-bg-selected@2x.png */ = {isa = PBXFileReference; lastKnownFileType = image.png; name = "btn-bg-selected@2x.png"; path = "Resources/btn-bg-selected@2x.png"; sourceTree = "<group>"; };
		EFEA4EB5153C601A008D0E3D /* btn-bg.png */ = {isa = PBXFileReference; lastKnownFileType = image.png; name = "btn-bg.png"; path = "Resources/btn-bg.png"; sourceTree = "<group>"; };
		EFEA4EB6153C601A008D0E3D /* btn-bg@2x.png */ = {isa = PBXFileReference; lastKnownFileType = image.png; name = "btn-bg@2x.png"; path = "Resources/btn-bg@2x.png"; sourceTree = "<group>"; };
		EFEA4EB7153C601A008D0E3D /* twitter.png */ = {isa = PBXFileReference; lastKnownFileType = image.png; name = twitter.png; path = Resources/twitter.png; sourceTree = "<group>"; };
		EFEA4EB8153C601A008D0E3D /* twitter@2x.png */ = {isa = PBXFileReference; lastKnownFileType = image.png; name = "twitter@2x.png"; path = "Resources/twitter@2x.png"; sourceTree = "<group>"; };
		EFEA4EBF153C6044008D0E3D /* TwitterFollowButton.h */ = {isa = PBXFileReference; fileEncoding = 4; lastKnownFileType = sourcecode.c.h; path = TwitterFollowButton.h; sourceTree = "<group>"; };
		EFEA4EC0153C6044008D0E3D /* TwitterFollowButton.m */ = {isa = PBXFileReference; fileEncoding = 4; lastKnownFileType = sourcecode.c.objc; path = TwitterFollowButton.m; sourceTree = "<group>"; };
/* End PBXFileReference section */

/* Begin PBXFrameworksBuildPhase section */
		EF586415153C16F60055D27A /* Frameworks */ = {
			isa = PBXFrameworksBuildPhase;
			buildActionMask = 2147483647;
			files = (
				EF586454153C18950055D27A /* Accounts.framework in Frameworks */,
				EF586452153C18630055D27A /* Twitter.framework in Frameworks */,
				EF58641D153C16F60055D27A /* UIKit.framework in Frameworks */,
				EF58641F153C16F60055D27A /* Foundation.framework in Frameworks */,
				EF586421153C16F60055D27A /* CoreGraphics.framework in Frameworks */,
			);
			runOnlyForDeploymentPostprocessing = 0;
		};
		EF586435153C16F70055D27A /* Frameworks */ = {
			isa = PBXFrameworksBuildPhase;
			buildActionMask = 2147483647;
			files = (
				EF58643B153C16F70055D27A /* SenTestingKit.framework in Frameworks */,
				EF58643C153C16F70055D27A /* UIKit.framework in Frameworks */,
				EF58643D153C16F70055D27A /* Foundation.framework in Frameworks */,
			);
			runOnlyForDeploymentPostprocessing = 0;
		};
/* End PBXFrameworksBuildPhase section */

/* Begin PBXGroup section */
		EF58640D153C16F60055D27A = {
			isa = PBXGroup;
			children = (
				EF586422153C16F60055D27A /* TwitterPrototype */,
				EF586440153C16F70055D27A /* TwitterPrototypeTests */,
				EF58641B153C16F60055D27A /* Frameworks */,
				EF586419153C16F60055D27A /* Products */,
			);
			sourceTree = "<group>";
		};
		EF586419153C16F60055D27A /* Products */ = {
			isa = PBXGroup;
			children = (
				EF586418153C16F60055D27A /* TwitterPrototype.app */,
				EF586439153C16F70055D27A /* TwitterPrototypeTests.octest */,
			);
			name = Products;
			sourceTree = "<group>";
		};
		EF58641B153C16F60055D27A /* Frameworks */ = {
			isa = PBXGroup;
			children = (
				EF586453153C18950055D27A /* Accounts.framework */,
				EF586451153C18630055D27A /* Twitter.framework */,
				EF58641C153C16F60055D27A /* UIKit.framework */,
				EF58641E153C16F60055D27A /* Foundation.framework */,
				EF586420153C16F60055D27A /* CoreGraphics.framework */,
				EF58643A153C16F70055D27A /* SenTestingKit.framework */,
			);
			name = Frameworks;
			sourceTree = "<group>";
		};
		EF586422153C16F60055D27A /* TwitterPrototype */ = {
			isa = PBXGroup;
			children = (
				EFEA4EB1153C6008008D0E3D /* Resources */,
				EF58642B153C16F60055D27A /* AppDelegate.h */,
				EF58642C153C16F60055D27A /* AppDelegate.m */,
				EF58642E153C16F60055D27A /* MainStoryboard.storyboard */,
				EF586431153C16F60055D27A /* ViewController.h */,
				EF586432153C16F60055D27A /* ViewController.m */,
				EF586423153C16F60055D27A /* Supporting Files */,
				EF586455153C31CB0055D27A /* TwitterManager.h */,
				EF586456153C31CB0055D27A /* TwitterManager.m */,
				EFEA4EBF153C6044008D0E3D /* TwitterFollowButton.h */,
				EFEA4EC0153C6044008D0E3D /* TwitterFollowButton.m */,
			);
			path = TwitterPrototype;
			sourceTree = "<group>";
		};
		EF586423153C16F60055D27A /* Supporting Files */ = {
			isa = PBXGroup;
			children = (
				EF586424153C16F60055D27A /* TwitterPrototype-Info.plist */,
				EF586425153C16F60055D27A /* InfoPlist.strings */,
				EF586428153C16F60055D27A /* main.m */,
				EF58642A153C16F60055D27A /* TwitterPrototype-Prefix.pch */,
			);
			name = "Supporting Files";
			sourceTree = "<group>";
		};
		EF586440153C16F70055D27A /* TwitterPrototypeTests */ = {
			isa = PBXGroup;
			children = (
				EF586446153C16F70055D27A /* TwitterPrototypeTests.h */,
				EF586447153C16F70055D27A /* TwitterPrototypeTests.m */,
				EF586441153C16F70055D27A /* Supporting Files */,
			);
			path = TwitterPrototypeTests;
			sourceTree = "<group>";
		};
		EF586441153C16F70055D27A /* Supporting Files */ = {
			isa = PBXGroup;
			children = (
				EF586442153C16F70055D27A /* TwitterPrototypeTests-Info.plist */,
				EF586443153C16F70055D27A /* InfoPlist.strings */,
			);
			name = "Supporting Files";
			sourceTree = "<group>";
		};
		EFEA4EB1153C6008008D0E3D /* Resources */ = {
			isa = PBXGroup;
			children = (
				EFEA4EB3153C601A008D0E3D /* btn-bg-selected.png */,
				EFEA4EB4153C601A008D0E3D /* btn-bg-selected@2x.png */,
				EFEA4EB5153C601A008D0E3D /* btn-bg.png */,
				EFEA4EB6153C601A008D0E3D /* btn-bg@2x.png */,
				EFEA4EB7153C601A008D0E3D /* twitter.png */,
				EFEA4EB8153C601A008D0E3D /* twitter@2x.png */,
			);
			name = Resources;
			sourceTree = "<group>";
		};
/* End PBXGroup section */

/* Begin PBXNativeTarget section */
		EF586417153C16F60055D27A /* TwitterPrototype */ = {
			isa = PBXNativeTarget;
			buildConfigurationList = EF58644B153C16F70055D27A /* Build configuration list for PBXNativeTarget "TwitterPrototype" */;
			buildPhases = (
				EF586414153C16F60055D27A /* Sources */,
				EF586415153C16F60055D27A /* Frameworks */,
				EF586416153C16F60055D27A /* Resources */,
			);
			buildRules = (
			);
			dependencies = (
			);
			name = TwitterPrototype;
			productName = TwitterPrototype;
			productReference = EF586418153C16F60055D27A /* TwitterPrototype.app */;
			productType = "com.apple.product-type.application";
		};
		EF586438153C16F70055D27A /* TwitterPrototypeTests */ = {
			isa = PBXNativeTarget;
			buildConfigurationList = EF58644E153C16F70055D27A /* Build configuration list for PBXNativeTarget "TwitterPrototypeTests" */;
			buildPhases = (
				EF586434153C16F70055D27A /* Sources */,
				EF586435153C16F70055D27A /* Frameworks */,
				EF586436153C16F70055D27A /* Resources */,
				EF586437153C16F70055D27A /* ShellScript */,
			);
			buildRules = (
			);
			dependencies = (
				EF58643F153C16F70055D27A /* PBXTargetDependency */,
			);
			name = TwitterPrototypeTests;
			productName = TwitterPrototypeTests;
			productReference = EF586439153C16F70055D27A /* TwitterPrototypeTests.octest */;
			productType = "com.apple.product-type.bundle";
		};
/* End PBXNativeTarget section */

/* Begin PBXProject section */
		EF58640F153C16F60055D27A /* Project object */ = {
			isa = PBXProject;
			attributes = {
				LastUpgradeCheck = 0430;
				ORGANIZATIONNAME = "Lambda Software";
			};
			buildConfigurationList = EF586412153C16F60055D27A /* Build configuration list for PBXProject "TwitterPrototype" */;
			compatibilityVersion = "Xcode 3.2";
			developmentRegion = English;
			hasScannedForEncodings = 0;
			knownRegions = (
				en,
			);
			mainGroup = EF58640D153C16F60055D27A;
			productRefGroup = EF586419153C16F60055D27A /* Products */;
			projectDirPath = "";
			projectRoot = "";
			targets = (
				EF586417153C16F60055D27A /* TwitterPrototype */,
				EF586438153C16F70055D27A /* TwitterPrototypeTests */,
			);
		};
/* End PBXProject section */

/* Begin PBXResourcesBuildPhase section */
		EF586416153C16F60055D27A /* Resources */ = {
			isa = PBXResourcesBuildPhase;
			buildActionMask = 2147483647;
			files = (
				EF586427153C16F60055D27A /* InfoPlist.strings in Resources */,
				EF586430153C16F60055D27A /* MainStoryboard.storyboard in Resources */,
				EFEA4EB9153C601A008D0E3D /* btn-bg-selected.png in Resources */,
				EFEA4EBA153C601A008D0E3D /* btn-bg-selected@2x.png in Resources */,
				EFEA4EBB153C601A008D0E3D /* btn-bg.png in Resources */,
				EFEA4EBC153C601A008D0E3D /* btn-bg@2x.png in Resources */,
				EFEA4EBD153C601A008D0E3D /* twitter.png in Resources */,
				EFEA4EBE153C601A008D0E3D /* twitter@2x.png in Resources */,
			);
			runOnlyForDeploymentPostprocessing = 0;
		};
		EF586436153C16F70055D27A /* Resources */ = {
			isa = PBXResourcesBuildPhase;
			buildActionMask = 2147483647;
			files = (
				EF586445153C16F70055D27A /* InfoPlist.strings in Resources */,
			);
			runOnlyForDeploymentPostprocessing = 0;
		};
/* End PBXResourcesBuildPhase section */

/* Begin PBXShellScriptBuildPhase section */
		EF586437153C16F70055D27A /* ShellScript */ = {
			isa = PBXShellScriptBuildPhase;
			buildActionMask = 2147483647;
			files = (
			);
			inputPaths = (
			);
			outputPaths = (
			);
			runOnlyForDeploymentPostprocessing = 0;
			shellPath = /bin/sh;
			shellScript = "# Run the unit tests in this test bundle.\n\"${SYSTEM_DEVELOPER_DIR}/Tools/RunUnitTests\"\n";
		};
/* End PBXShellScriptBuildPhase section */

/* Begin PBXSourcesBuildPhase section */
		EF586414153C16F60055D27A /* Sources */ = {
			isa = PBXSourcesBuildPhase;
			buildActionMask = 2147483647;
			files = (
				EF586429153C16F60055D27A /* main.m in Sources */,
				EF58642D153C16F60055D27A /* AppDelegate.m in Sources */,
				EF586433153C16F60055D27A /* ViewController.m in Sources */,
				EF586457153C31CB0055D27A /* TwitterManager.m in Sources */,
				EFEA4EC1153C6044008D0E3D /* TwitterFollowButton.m in Sources */,
			);
			runOnlyForDeploymentPostprocessing = 0;
		};
		EF586434153C16F70055D27A /* Sources */ = {
			isa = PBXSourcesBuildPhase;
			buildActionMask = 2147483647;
			files = (
				EF586448153C16F70055D27A /* TwitterPrototypeTests.m in Sources */,
				EF586458153C31CB0055D27A /* TwitterManager.m in Sources */,
				EFEA4EC2153C6044008D0E3D /* TwitterFollowButton.m in Sources */,
			);
			runOnlyForDeploymentPostprocessing = 0;
		};
/* End PBXSourcesBuildPhase section */

/* Begin PBXTargetDependency section */
		EF58643F153C16F70055D27A /* PBXTargetDependency */ = {
			isa = PBXTargetDependency;
			target = EF586417153C16F60055D27A /* TwitterPrototype */;
			targetProxy = EF58643E153C16F70055D27A /* PBXContainerItemProxy */;
		};
/* End PBXTargetDependency section */

/* Begin PBXVariantGroup section */
		EF586425153C16F60055D27A /* InfoPlist.strings */ = {
			isa = PBXVariantGroup;
			children = (
				EF586426153C16F60055D27A /* en */,
			);
			name = InfoPlist.strings;
			sourceTree = "<group>";
		};
		EF58642E153C16F60055D27A /* MainStoryboard.storyboard */ = {
			isa = PBXVariantGroup;
			children = (
				EF58642F153C16F60055D27A /* en */,
			);
			name = MainStoryboard.storyboard;
			sourceTree = "<group>";
		};
		EF586443153C16F70055D27A /* InfoPlist.strings */ = {
			isa = PBXVariantGroup;
			children = (
				EF586444153C16F70055D27A /* en */,
			);
			name = InfoPlist.strings;
			sourceTree = "<group>";
		};
/* End PBXVariantGroup section */

/* Begin XCBuildConfiguration section */
		EF586449153C16F70055D27A /* Debug */ = {
			isa = XCBuildConfiguration;
			buildSettings = {
				ALWAYS_SEARCH_USER_PATHS = NO;
				ARCHS = "$(ARCHS_STANDARD_32_BIT)";
				"CODE_SIGN_IDENTITY[sdk=iphoneos*]" = "iPhone Developer";
				COPY_PHASE_STRIP = NO;
				GCC_C_LANGUAGE_STANDARD = gnu99;
				GCC_DYNAMIC_NO_PIC = NO;
				GCC_OPTIMIZATION_LEVEL = 0;
				GCC_PREPROCESSOR_DEFINITIONS = (
					"DEBUG=1",
					"$(inherited)",
				);
				GCC_SYMBOLS_PRIVATE_EXTERN = NO;
				GCC_VERSION = com.apple.compilers.llvm.clang.1_0;
				GCC_WARN_ABOUT_RETURN_TYPE = YES;
				GCC_WARN_UNINITIALIZED_AUTOS = YES;
				GCC_WARN_UNUSED_VARIABLE = YES;
				IPHONEOS_DEPLOYMENT_TARGET = 5.1;
				SDKROOT = iphoneos;
			};
			name = Debug;
		};
		EF58644A153C16F70055D27A /* Release */ = {
			isa = XCBuildConfiguration;
			buildSettings = {
				ALWAYS_SEARCH_USER_PATHS = NO;
				ARCHS = "$(ARCHS_STANDARD_32_BIT)";
				"CODE_SIGN_IDENTITY[sdk=iphoneos*]" = "iPhone Developer";
				COPY_PHASE_STRIP = YES;
				GCC_C_LANGUAGE_STANDARD = gnu99;
				GCC_VERSION = com.apple.compilers.llvm.clang.1_0;
				GCC_WARN_ABOUT_RETURN_TYPE = YES;
				GCC_WARN_UNINITIALIZED_AUTOS = YES;
				GCC_WARN_UNUSED_VARIABLE = YES;
				IPHONEOS_DEPLOYMENT_TARGET = 5.1;
				OTHER_CFLAGS = "-DNS_BLOCK_ASSERTIONS=1";
				SDKROOT = iphoneos;
				VALIDATE_PRODUCT = YES;
			};
			name = Release;
		};
		EF58644C153C16F70055D27A /* Debug */ = {
			isa = XCBuildConfiguration;
			buildSettings = {
				GCC_PRECOMPILE_PREFIX_HEADER = YES;
				GCC_PREFIX_HEADER = "TwitterPrototype/TwitterPrototype-Prefix.pch";
				INFOPLIST_FILE = "TwitterPrototype/TwitterPrototype-Info.plist";
				PRODUCT_NAME = "$(TARGET_NAME)";
				WRAPPER_EXTENSION = app;
			};
			name = Debug;
		};
		EF58644D153C16F70055D27A /* Release */ = {
			isa = XCBuildConfiguration;
			buildSettings = {
				GCC_PRECOMPILE_PREFIX_HEADER = YES;
				GCC_PREFIX_HEADER = "TwitterPrototype/TwitterPrototype-Prefix.pch";
				INFOPLIST_FILE = "TwitterPrototype/TwitterPrototype-Info.plist";
				PRODUCT_NAME = "$(TARGET_NAME)";
				WRAPPER_EXTENSION = app;
			};
			name = Release;
		};
		EF58644F153C16F70055D27A /* Debug */ = {
			isa = XCBuildConfiguration;
			buildSettings = {
				BUNDLE_LOADER = "$(BUILT_PRODUCTS_DIR)/TwitterPrototype.app/TwitterPrototype";
				FRAMEWORK_SEARCH_PATHS = (
					"$(SDKROOT)/Developer/Library/Frameworks",
					"$(DEVELOPER_LIBRARY_DIR)/Frameworks",
				);
				GCC_PRECOMPILE_PREFIX_HEADER = YES;
				GCC_PREFIX_HEADER = "TwitterPrototype/TwitterPrototype-Prefix.pch";
				INFOPLIST_FILE = "TwitterPrototypeTests/TwitterPrototypeTests-Info.plist";
				PRODUCT_NAME = "$(TARGET_NAME)";
				TEST_HOST = "$(BUNDLE_LOADER)";
				WRAPPER_EXTENSION = octest;
			};
			name = Debug;
		};
		EF586450153C16F70055D27A /* Release */ = {
			isa = XCBuildConfiguration;
			buildSettings = {
				BUNDLE_LOADER = "$(BUILT_PRODUCTS_DIR)/TwitterPrototype.app/TwitterPrototype";
				FRAMEWORK_SEARCH_PATHS = (
					"$(SDKROOT)/Developer/Library/Frameworks",
					"$(DEVELOPER_LIBRARY_DIR)/Frameworks",
				);
				GCC_PRECOMPILE_PREFIX_HEADER = YES;
				GCC_PREFIX_HEADER = "TwitterPrototype/TwitterPrototype-Prefix.pch";
				INFOPLIST_FILE = "TwitterPrototypeTests/TwitterPrototypeTests-Info.plist";
				PRODUCT_NAME = "$(TARGET_NAME)";
				TEST_HOST = "$(BUNDLE_LOADER)";
				WRAPPER_EXTENSION = octest;
			};
			name = Release;
		};
/* End XCBuildConfiguration section */

/* Begin XCConfigurationList section */
		EF586412153C16F60055D27A /* Build configuration list for PBXProject "TwitterPrototype" */ = {
			isa = XCConfigurationList;
			buildConfigurations = (
				EF586449153C16F70055D27A /* Debug */,
				EF58644A153C16F70055D27A /* Release */,
			);
			defaultConfigurationIsVisible = 0;
			defaultConfigurationName = Release;
		};
		EF58644B153C16F70055D27A /* Build configuration list for PBXNativeTarget "TwitterPrototype" */ = {
			isa = XCConfigurationList;
			buildConfigurations = (
				EF58644C153C16F70055D27A /* Debug */,
				EF58644D153C16F70055D27A /* Release */,
			);
			defaultConfigurationIsVisible = 0;
			defaultConfigurationName = Release;
		};
		EF58644E153C16F70055D27A /* Build configuration list for PBXNativeTarget "TwitterPrototypeTests" */ = {
			isa = XCConfigurationList;
			buildConfigurations = (
				EF58644F153C16F70055D27A /* Debug */,
				EF586450153C16F70055D27A /* Release */,
			);
			defaultConfigurationIsVisible = 0;
			defaultConfigurationName = Release;
		};
/* End XCConfigurationList section */
	};
	rootObject = EF58640F153C16F60055D27A /* Project object */;
}
